
Microsoft Visual Studio Solution File, Format Version 12.00
# Visual Studio Version 17
VisualStudioVersion = 17.9.34622.214
MinimumVisualStudioVersion = 10.0.40219.1
Project("{8BC9CEB8-8B4A-11D0-8D11-00A0C91BC942}") = "Project30", "Project30.vcxproj", "{1A7FC696-8A74-412F-8C58-EBD862571EB4}"
EndProject
Global
	GlobalSection(SolutionConfigurationPlatforms) = preSolution
		Debug|x64 = Debug|x64
		Debug|x86 = Debug|x86
		Release|x64 = Release|x64
		Release|x86 = Release|x86
	EndGlobalSection
	GlobalSection(ProjectConfigurationPlatforms) = postSolution
		{1A7FC696-8A74-412F-8C58-EBD862571EB4}.Debug|x64.ActiveCfg = Debug|x64
		{1A7FC696-8A74-412F-8C58-EBD862571EB4}.Debug|x64.Build.0 = Debug|x64
		{1A7FC696-8A74-412F-8C58-EBD862571EB4}.Debug|x86.ActiveCfg = Debug|Win32
		{1A7FC696-8A74-412F-8C58-EBD862571EB4}.Debug|x86.Build.0 = Debug|Win32
		{1A7FC696-8A74-412F-8C58-EBD862571EB4}.Release|x64.ActiveCfg = Release|x64
		{1A7FC696-8A74-412F-8C58-EBD862571EB4}.Release|x64.Build.0 = Release|x64
		{1A7FC696-8A74-412F-8C58-EBD862571EB4}.Release|x86.ActiveCfg = Release|Win32
		{1A7FC696-8A74-412F-8C58-EBD862571EB4}.Release|x86.Build.0 = Release|Win32
	EndGlobalSection
	GlobalSection(SolutionProperties) = preSolution
		HideSolutionNode = FALSE
	EndGlobalSection
	GlobalSection(ExtensibilityGlobals) = postSolution
		SolutionGuid = {475A576B-BBAD-490F-92E4-004F2B7D5CDE}
	EndGlobalSection
EndGlobal
